
Microsoft Visual Studio Solution File, Format Version 12.00
# Visual Studio Version 17
VisualStudioVersion = 17.14.36623.8
MinimumVisualStudioVersion = 10.0.40219.1
Project("{FAE04EC0-301F-11D3-BF4B-00C04F79EFBC}") = "Win11 Auto-Clean", "Win11 Auto-Clean.csproj", "{3C3EC974-3126-4D31-A15F-579D4DD85779}"
EndProject
Global
	GlobalSection(SolutionConfigurationPlatforms) = preSolution
		Debug|Any CPU = Debug|Any CPU
		Release|Any CPU = Release|Any CPU
	EndGlobalSection
	GlobalSection(ProjectConfigurationPlatforms) = postSolution
		{3C3EC974-3126-4D31-A15F-579D4DD85779}.Debug|Any CPU.ActiveCfg = Debug|Any CPU
		{3C3EC974-3126-4D31-A15F-579D4DD85779}.Debug|Any CPU.Build.0 = Debug|Any CPU
		{3C3EC974-3126-4D31-A15F-579D4DD85779}.Release|Any CPU.ActiveCfg = Release|Any CPU
		{3C3EC974-3126-4D31-A15F-579D4DD85779}.Release|Any CPU.Build.0 = Release|Any CPU
	EndGlobalSection
	GlobalSection(SolutionProperties) = preSolution
		HideSolutionNode = FALSE
	EndGlobalSection
	GlobalSection(ExtensibilityGlobals) = postSolution
		SolutionGuid = {AAB4CB0C-9EF7-48E7-A24E-129EE069038B}
	EndGlobalSection
EndGlobal
